
Microsoft Visual Studio Solution File, Format Version 12.00
Project("{FAE04EC0-301F-11D3-BF4B-00C04F79EFBC}") = "MMC-Launcher", "MMC-Launcher\MMC-Launcher.csproj", "{A109AFC7-5387-4E6A-97EF-8DFA63B0D902}"
EndProject
Project("{FAE04EC0-301F-11D3-BF4B-00C04F79EFBC}") = "Core", "Core\Core.csproj", "{6CD6EA79-B331-42BB-8D92-8746084D7EF2}"
EndProject
Project("{FAE04EC0-301F-11D3-BF4B-00C04F79EFBC}") = "Common", "Common\Common.csproj", "{7602597A-0590-4FE7-A100-50C82510269B}"
EndProject
Project("{FAE04EC0-301F-11D3-BF4B-00C04F79EFBC}") = "MMC-Updater", "MMC-Updater\MMC-Updater.csproj", "{150F7721-F42B-4407-9D79-C9B710E462A1}"
EndProject
Project("{FAE04EC0-301F-11D3-BF4B-00C04F79EFBC}") = "MMC-Installer", "MMC-Installer\MMC-Installer.csproj", "{C3E9DD76-CF06-4A3F-88EE-7C0652F3325A}"
EndProject
Global
	GlobalSection(SolutionConfigurationPlatforms) = preSolution
		Debug|Any CPU = Debug|Any CPU
		Release|Any CPU = Release|Any CPU
	EndGlobalSection
	GlobalSection(ProjectConfigurationPlatforms) = postSolution
		{A109AFC7-5387-4E6A-97EF-8DFA63B0D902}.Debug|Any CPU.ActiveCfg = Debug|Any CPU
		{A109AFC7-5387-4E6A-97EF-8DFA63B0D902}.Debug|Any CPU.Build.0 = Debug|Any CPU
		{A109AFC7-5387-4E6A-97EF-8DFA63B0D902}.Release|Any CPU.ActiveCfg = Release|Any CPU
		{A109AFC7-5387-4E6A-97EF-8DFA63B0D902}.Release|Any CPU.Build.0 = Release|Any CPU
		{6CD6EA79-B331-42BB-8D92-8746084D7EF2}.Debug|Any CPU.ActiveCfg = Debug|Any CPU
		{6CD6EA79-B331-42BB-8D92-8746084D7EF2}.Debug|Any CPU.Build.0 = Debug|Any CPU
		{6CD6EA79-B331-42BB-8D92-8746084D7EF2}.Release|Any CPU.ActiveCfg = Release|Any CPU
		{6CD6EA79-B331-42BB-8D92-8746084D7EF2}.Release|Any CPU.Build.0 = Release|Any CPU
		{7602597A-0590-4FE7-A100-50C82510269B}.Debug|Any CPU.ActiveCfg = Debug|Any CPU
		{7602597A-0590-4FE7-A100-50C82510269B}.Debug|Any CPU.Build.0 = Debug|Any CPU
		{7602597A-0590-4FE7-A100-50C82510269B}.Release|Any CPU.ActiveCfg = Release|Any CPU
		{7602597A-0590-4FE7-A100-50C82510269B}.Release|Any CPU.Build.0 = Release|Any CPU
		{150F7721-F42B-4407-9D79-C9B710E462A1}.Debug|Any CPU.ActiveCfg = Debug|Any CPU
		{150F7721-F42B-4407-9D79-C9B710E462A1}.Debug|Any CPU.Build.0 = Debug|Any CPU
		{150F7721-F42B-4407-9D79-C9B710E462A1}.Release|Any CPU.ActiveCfg = Release|Any CPU
		{150F7721-F42B-4407-9D79-C9B710E462A1}.Release|Any CPU.Build.0 = Release|Any CPU
		{C3E9DD76-CF06-4A3F-88EE-7C0652F3325A}.Debug|Any CPU.ActiveCfg = Debug|Any CPU
		{C3E9DD76-CF06-4A3F-88EE-7C0652F3325A}.Debug|Any CPU.Build.0 = Debug|Any CPU
		{C3E9DD76-CF06-4A3F-88EE-7C0652F3325A}.Release|Any CPU.ActiveCfg = Release|Any CPU
		{C3E9DD76-CF06-4A3F-88EE-7C0652F3325A}.Release|Any CPU.Build.0 = Release|Any CPU
	EndGlobalSection
EndGlobal
